
Microsoft Visual Studio Solution File, Format Version 12.00
# Visual Studio Version 17
VisualStudioVersion = 17.9.34714.143
MinimumVisualStudioVersion = 10.0.40219.1
Project("{9A19103F-16F7-4668-BE54-9A1E7A4F7556}") = "SerialPortTest", "SerialPortTest\SerialPortTest.csproj", "{F9A67A79-97D9-452F-98F2-E4B6ED9D3F1C}"
EndProject
Project("{9A19103F-16F7-4668-BE54-9A1E7A4F7556}") = "UsbSerialForAndroid", "UsbSerialForAndroid\UsbSerialForAndroid.csproj", "{A5A4049E-8F2A-480B-9AD1-F9E838944270}"
EndProject
Global
	GlobalSection(SolutionConfigurationPlatforms) = preSolution
		Debug|Any CPU = Debug|Any CPU
		Release|Any CPU = Release|Any CPU
	EndGlobalSection
	GlobalSection(ProjectConfigurationPlatforms) = postSolution
		{F9A67A79-97D9-452F-98F2-E4B6ED9D3F1C}.Debug|Any CPU.ActiveCfg = Debug|Any CPU
		{F9A67A79-97D9-452F-98F2-E4B6ED9D3F1C}.Debug|Any CPU.Build.0 = Debug|Any CPU
		{F9A67A79-97D9-452F-98F2-E4B6ED9D3F1C}.Debug|Any CPU.Deploy.0 = Debug|Any CPU
		{F9A67A79-97D9-452F-98F2-E4B6ED9D3F1C}.Release|Any CPU.ActiveCfg = Release|Any CPU
		{F9A67A79-97D9-452F-98F2-E4B6ED9D3F1C}.Release|Any CPU.Build.0 = Release|Any CPU
		{F9A67A79-97D9-452F-98F2-E4B6ED9D3F1C}.Release|Any CPU.Deploy.0 = Release|Any CPU
		{A5A4049E-8F2A-480B-9AD1-F9E838944270}.Debug|Any CPU.ActiveCfg = Debug|Any CPU
		{A5A4049E-8F2A-480B-9AD1-F9E838944270}.Debug|Any CPU.Build.0 = Debug|Any CPU
		{A5A4049E-8F2A-480B-9AD1-F9E838944270}.Release|Any CPU.ActiveCfg = Release|Any CPU
		{A5A4049E-8F2A-480B-9AD1-F9E838944270}.Release|Any CPU.Build.0 = Release|Any CPU
	EndGlobalSection
	GlobalSection(SolutionProperties) = preSolution
		HideSolutionNode = FALSE
	EndGlobalSection
	GlobalSection(ExtensibilityGlobals) = postSolution
		SolutionGuid = {302C7CB0-8F48-4737-B3C9-C8D3739AEDBC}
	EndGlobalSection
EndGlobal
